
Microsoft Visual Studio Solution File, Format Version 12.00
# Visual Studio Version 16
VisualStudioVersion = 16.0.29613.14
MinimumVisualStudioVersion = 10.0.40219.1
Project("{FAE04EC0-301F-11D3-BF4B-00C04F79EFBC}") = "Desafio02Cshar", "Desafio02Cshar\Desafio02Cshar.csproj", "{DB12785E-FB0A-4A4A-B938-6C0AC7A43F75}"
EndProject
Global
	GlobalSection(SolutionConfigurationPlatforms) = preSolution
		Debug|Any CPU = Debug|Any CPU
		Release|Any CPU = Release|Any CPU
	EndGlobalSection
	GlobalSection(ProjectConfigurationPlatforms) = postSolution
		{DB12785E-FB0A-4A4A-B938-6C0AC7A43F75}.Debug|Any CPU.ActiveCfg = Debug|Any CPU
		{DB12785E-FB0A-4A4A-B938-6C0AC7A43F75}.Debug|Any CPU.Build.0 = Debug|Any CPU
		{DB12785E-FB0A-4A4A-B938-6C0AC7A43F75}.Release|Any CPU.ActiveCfg = Release|Any CPU
		{DB12785E-FB0A-4A4A-B938-6C0AC7A43F75}.Release|Any CPU.Build.0 = Release|Any CPU
	EndGlobalSection
	GlobalSection(SolutionProperties) = preSolution
		HideSolutionNode = FALSE
	EndGlobalSection
	GlobalSection(ExtensibilityGlobals) = postSolution
		SolutionGuid = {F5DE3CF5-54F0-4C87-8CA0-1629C82EBA77}
	EndGlobalSection
EndGlobal
